
Microsoft Visual Studio Solution File, Format Version 12.00
# Visual Studio Version 17
VisualStudioVersion = 17.0.31912.275
MinimumVisualStudioVersion = 10.0.40219.1
Project("{FAE04EC0-301F-11D3-BF4B-00C04F79EFBC}") = "module1pr31s07", "module1pr31s07.csproj", "{DC4D33A8-B6B0-4B22-9EC5-E9BD478D7E4C}"
EndProject
Global
	GlobalSection(SolutionConfigurationPlatforms) = preSolution
		Debug|Any CPU = Debug|Any CPU
		Release|Any CPU = Release|Any CPU
	EndGlobalSection
	GlobalSection(ProjectConfigurationPlatforms) = postSolution
		{DC4D33A8-B6B0-4B22-9EC5-E9BD478D7E4C}.Debug|Any CPU.ActiveCfg = Debug|Any CPU
		{DC4D33A8-B6B0-4B22-9EC5-E9BD478D7E4C}.Debug|Any CPU.Build.0 = Debug|Any CPU
		{DC4D33A8-B6B0-4B22-9EC5-E9BD478D7E4C}.Release|Any CPU.ActiveCfg = Release|Any CPU
		{DC4D33A8-B6B0-4B22-9EC5-E9BD478D7E4C}.Release|Any CPU.Build.0 = Release|Any CPU
	EndGlobalSection
	GlobalSection(SolutionProperties) = preSolution
		HideSolutionNode = FALSE
	EndGlobalSection
	GlobalSection(ExtensibilityGlobals) = postSolution
		SolutionGuid = {1314BEF2-2840-4BE0-B92E-F5D568D3B171}
	EndGlobalSection
EndGlobal
